<Solution>
  <Folder Name="/src/">
    <Project Path="src/KustoFramework/KustoFramework.csproj" />
    <Project Path="src/KustoFramework.Azure/KustoFramework.Azure.csproj" />
  </Folder>
  <Folder Name="/tests/">
    <Project Path="tests/KustoFramework.Tests/KustoFramework.Tests.csproj" />
    <Project Path="tests/KustoFramework.Azure.Tests/KustoFramework.Azure.Tests.csproj" />
  </Folder>
  <Folder Name="/examples/">
    <Project Path="examples/AppInsightsLogs/AppInsightsLogs.csproj" />
  </Folder>
</Solution>
